
Microsoft Visual Studio Solution File, Format Version 12.00
# Visual Studio 14
VisualStudioVersion = 14.0.23107.0
MinimumVisualStudioVersion = 10.0.40219.1
Project("{FAE04EC0-301F-11D3-BF4B-00C04F79EFBC}") = "ContactHubAPI", "ContactHubAPI\ContactHubAPI.csproj", "{5B19EB2A-35C8-4530-ACE8-345337C56FCF}"
EndProject
Project("{FAE04EC0-301F-11D3-BF4B-00C04F79EFBC}") = "ContactHubAPI_JWT", "ContactHubAPI_JWT\ContactHubAPI_JWT.csproj", "{7183D4E8-C332-4876-9035-CA321F85B025}"
EndProject
Project("{FAE04EC0-301F-11D3-BF4B-00C04F79EFBC}") = "ContactHub.CoreData", "ContactHub.CoreData\ContactHub.CoreData.csproj", "{F1B5981B-48B3-4A4A-A739-34D927312224}"
EndProject
Project("{FAE04EC0-301F-11D3-BF4B-00C04F79EFBC}") = "ContactHub.BusinessLayer", "ContactHub.BusinessLayer\ContactHub.BusinessLayer.csproj", "{D7C3F2F2-1794-4FB6-A2C1-F8FF70A07F0A}"
EndProject
Global
	GlobalSection(SolutionConfigurationPlatforms) = preSolution
		Debug|Any CPU = Debug|Any CPU
		Release|Any CPU = Release|Any CPU
	EndGlobalSection
	GlobalSection(ProjectConfigurationPlatforms) = postSolution
		{5B19EB2A-35C8-4530-ACE8-345337C56FCF}.Debug|Any CPU.ActiveCfg = Debug|Any CPU
		{5B19EB2A-35C8-4530-ACE8-345337C56FCF}.Debug|Any CPU.Build.0 = Debug|Any CPU
		{5B19EB2A-35C8-4530-ACE8-345337C56FCF}.Release|Any CPU.ActiveCfg = Release|Any CPU
		{5B19EB2A-35C8-4530-ACE8-345337C56FCF}.Release|Any CPU.Build.0 = Release|Any CPU
		{7183D4E8-C332-4876-9035-CA321F85B025}.Debug|Any CPU.ActiveCfg = Debug|Any CPU
		{7183D4E8-C332-4876-9035-CA321F85B025}.Debug|Any CPU.Build.0 = Debug|Any CPU
		{7183D4E8-C332-4876-9035-CA321F85B025}.Release|Any CPU.ActiveCfg = Release|Any CPU
		{7183D4E8-C332-4876-9035-CA321F85B025}.Release|Any CPU.Build.0 = Release|Any CPU
		{F1B5981B-48B3-4A4A-A739-34D927312224}.Debug|Any CPU.ActiveCfg = Debug|Any CPU
		{F1B5981B-48B3-4A4A-A739-34D927312224}.Debug|Any CPU.Build.0 = Debug|Any CPU
		{F1B5981B-48B3-4A4A-A739-34D927312224}.Release|Any CPU.ActiveCfg = Release|Any CPU
		{F1B5981B-48B3-4A4A-A739-34D927312224}.Release|Any CPU.Build.0 = Release|Any CPU
		{D7C3F2F2-1794-4FB6-A2C1-F8FF70A07F0A}.Debug|Any CPU.ActiveCfg = Debug|Any CPU
		{D7C3F2F2-1794-4FB6-A2C1-F8FF70A07F0A}.Debug|Any CPU.Build.0 = Debug|Any CPU
		{D7C3F2F2-1794-4FB6-A2C1-F8FF70A07F0A}.Release|Any CPU.ActiveCfg = Release|Any CPU
		{D7C3F2F2-1794-4FB6-A2C1-F8FF70A07F0A}.Release|Any CPU.Build.0 = Release|Any CPU
	EndGlobalSection
	GlobalSection(SolutionProperties) = preSolution
		HideSolutionNode = FALSE
	EndGlobalSection
EndGlobal
